lockfileVersion: '9.0'

settings:
  autoInstallPeers: true
  excludeLinksFromLockfile: false

importers:

  .:
    dependencies:
      '@upstash/ratelimit':
        specifier: ^2.2.0
        version: 2.2.0(@upstash/redis@1.39.0)
      '@upstash/redis':
        specifier: ^1.39.0
        version: 1.39.0
      '@vercel/functions':
        specifier: ^2.2.13
        version: 2.2.13

packages:

  '@types/ms@2.1.0':
    resolution: {integrity: sha512-GsCCIZDE/p3i96vtEqx+7dBUGXrc7zeSK3wwPHIaRThS+9OhWIXRqzs4d6k1SVU8g91DrNRWxWUGhp5KXQb2VA==}

  '@upstash/core-analytics@0.0.10':
    resolution: {integrity: sha512-7qJHGxpQgQr9/vmeS1PktEwvNAF7TI4iJDi8Pu2CFZ9YUGHZH4fOP5TfYlZ4aVxfopnELiE4BS4FBjyK7V1/xQ==}
    engines: {node: '>=16.0.0'}

  '@upstash/ratelimit@2.2.0':
    resolution: {integrity: sha512-gSydXspG6TJKTh71/gGGv4IGDjD9rXglQfm2jAue2kh4bcfWtEAsG1NW4OqzZd/hubJPojsbOU6AMdS6Xqh0tQ==}
    peerDependencies:
      '@upstash/redis': ^1.38.2

  '@upstash/redis@1.39.0':
    resolution: {integrity: sha512-VwkpYTdxSfjSulQS5h16NHtg/1UEheBfvez2AeGKinAujOoGXhXCcohQRzsQ/d2g/XzbjzTVGhG8Ds8uOI0Mxg==}

  '@vercel/functions@2.2.13':
    resolution: {integrity: sha512-14ArBSIIcOBx9nrEgaJb4Bw+en1gl6eSoJWh8qjifLl5G3E4dRXCFOT8HP+w66vb9Wqyd1lAQBrmRhRwOj9X9A==}
    engines: {node: '>= 18'}
    peerDependencies:
      '@aws-sdk/credential-provider-web-identity': '*'
    peerDependenciesMeta:
      '@aws-sdk/credential-provider-web-identity':
        optional: true

  '@vercel/oidc@2.0.2':
    resolution: {integrity: sha512-59PBFx3T+k5hLTEWa3ggiMpGRz1OVvl9eN8SUai+A43IsqiOuAe7qPBf+cray/Fj6mkgnxm/D7IAtjc8zSHi7g==}
    engines: {node: '>= 18'}

  ms@2.1.3:
    resolution: {integrity: sha512-6FlzubTLZG3J2a/NVCAleEhjzq5oxgHyaCU9yYXvcLsvoVaHJq/s5xXI6/XXP6tz7R9xAOtHnSO/tXtF3WRTlA==}

  uncrypto@0.1.3:
    resolution: {integrity: sha512-Ql87qFHB3s/De2ClA9e0gsnS6zXG27SkTiSJwjCc9MebbfapQfuPzumMIUMi38ezPZVNFcHI9sUIepeQfw8J8Q==}

snapshots:

  '@types/ms@2.1.0': {}

  '@upstash/core-analytics@0.0.10':
    dependencies:
      '@upstash/redis': 1.39.0

  '@upstash/ratelimit@2.2.0(@upstash/redis@1.39.0)':
    dependencies:
      '@upstash/core-analytics': 0.0.10
      '@upstash/redis': 1.39.0

  '@upstash/redis@1.39.0':
    dependencies:
      uncrypto: 0.1.3

  '@vercel/functions@2.2.13':
    dependencies:
      '@vercel/oidc': 2.0.2

  '@vercel/oidc@2.0.2':
    dependencies:
      '@types/ms': 2.1.0
      ms: 2.1.3

  ms@2.1.3: {}

  uncrypto@0.1.3: {}
